
Microsoft Visual Studio Solution File, Format Version 12.00
# Visual Studio Version 17
VisualStudioVersion = 17.14.36518.9 d17.14
MinimumVisualStudioVersion = 10.0.40219.1
Project("{FAE04EC0-301F-11D3-BF4B-00C04F79EFBC}") = "EmperadoYouTubeViewer", "EmperadoYouTubeViewer\EmperadoYouTubeViewer.csproj", "{25253189-3465-4064-8E88-F2CF8BE68A04}"
EndProject
Project("{FAE04EC0-301F-11D3-BF4B-00C04F79EFBC}") = "EmperadoDomain", "EmperadoDomain\EmperadoDomain.csproj", "{6E6EA0C4-A148-4A16-AA3F-744048236EDB}"
EndProject
Project("{FAE04EC0-301F-11D3-BF4B-00C04F79EFBC}") = "EmperadoFramework", "EmperadoFramework\EmperadoFramework.csproj", "{BA19578E-3D1A-49A5-B495-74D70C63EF45}"
EndProject
Global
	GlobalSection(SolutionConfigurationPlatforms) = preSolution
		Debug|Any CPU = Debug|Any CPU
		Release|Any CPU = Release|Any CPU
	EndGlobalSection
	GlobalSection(ProjectConfigurationPlatforms) = postSolution
		{25253189-3465-4064-8E88-F2CF8BE68A04}.Debug|Any CPU.ActiveCfg = Debug|Any CPU
		{25253189-3465-4064-8E88-F2CF8BE68A04}.Debug|Any CPU.Build.0 = Debug|Any CPU
		{25253189-3465-4064-8E88-F2CF8BE68A04}.Release|Any CPU.ActiveCfg = Release|Any CPU
		{25253189-3465-4064-8E88-F2CF8BE68A04}.Release|Any CPU.Build.0 = Release|Any CPU
		{6E6EA0C4-A148-4A16-AA3F-744048236EDB}.Debug|Any CPU.ActiveCfg = Debug|Any CPU
		{6E6EA0C4-A148-4A16-AA3F-744048236EDB}.Debug|Any CPU.Build.0 = Debug|Any CPU
		{6E6EA0C4-A148-4A16-AA3F-744048236EDB}.Release|Any CPU.ActiveCfg = Release|Any CPU
		{6E6EA0C4-A148-4A16-AA3F-744048236EDB}.Release|Any CPU.Build.0 = Release|Any CPU
		{BA19578E-3D1A-49A5-B495-74D70C63EF45}.Debug|Any CPU.ActiveCfg = Debug|Any CPU
		{BA19578E-3D1A-49A5-B495-74D70C63EF45}.Debug|Any CPU.Build.0 = Debug|Any CPU
		{BA19578E-3D1A-49A5-B495-74D70C63EF45}.Release|Any CPU.ActiveCfg = Release|Any CPU
		{BA19578E-3D1A-49A5-B495-74D70C63EF45}.Release|Any CPU.Build.0 = Release|Any CPU
	EndGlobalSection
	GlobalSection(SolutionProperties) = preSolution
		HideSolutionNode = FALSE
	EndGlobalSection
	GlobalSection(ExtensibilityGlobals) = postSolution
		SolutionGuid = {96BD84EC-A33D-4073-B5B7-6605C92C458B}
	EndGlobalSection
EndGlobal
